
Microsoft Visual Studio Solution File, Format Version 12.00
# Visual Studio Version 16
VisualStudioVersion = 16.0.32413.511
MinimumVisualStudioVersion = 10.0.40219.1
Project("{9A19103F-16F7-4668-BE54-9A1E7A4F7556}") = "AtmLib", "AtmLib\AtmLib.csproj", "{DCAA554E-5B99-4585-A4A6-980E1A3FF604}"
EndProject
Project("{FAE04EC0-301F-11D3-BF4B-00C04F79EFBC}") = "WebAtm", "WebAtm\WebAtm.csproj", "{1C255B06-ED3E-4DD9-B1DB-87AE1C5BFD70}"
EndProject
Global
	GlobalSection(SolutionConfigurationPlatforms) = preSolution
		Debug|Any CPU = Debug|Any CPU
		Release|Any CPU = Release|Any CPU
	EndGlobalSection
	GlobalSection(ProjectConfigurationPlatforms) = postSolution
		{DCAA554E-5B99-4585-A4A6-980E1A3FF604}.Debug|Any CPU.ActiveCfg = Debug|Any CPU
		{DCAA554E-5B99-4585-A4A6-980E1A3FF604}.Debug|Any CPU.Build.0 = Debug|Any CPU
		{DCAA554E-5B99-4585-A4A6-980E1A3FF604}.Release|Any CPU.ActiveCfg = Release|Any CPU
		{DCAA554E-5B99-4585-A4A6-980E1A3FF604}.Release|Any CPU.Build.0 = Release|Any CPU
		{1C255B06-ED3E-4DD9-B1DB-87AE1C5BFD70}.Debug|Any CPU.ActiveCfg = Debug|Any CPU
		{1C255B06-ED3E-4DD9-B1DB-87AE1C5BFD70}.Debug|Any CPU.Build.0 = Debug|Any CPU
		{1C255B06-ED3E-4DD9-B1DB-87AE1C5BFD70}.Release|Any CPU.ActiveCfg = Release|Any CPU
		{1C255B06-ED3E-4DD9-B1DB-87AE1C5BFD70}.Release|Any CPU.Build.0 = Release|Any CPU
	EndGlobalSection
	GlobalSection(SolutionProperties) = preSolution
		HideSolutionNode = FALSE
	EndGlobalSection
	GlobalSection(ExtensibilityGlobals) = postSolution
		SolutionGuid = {390BEB00-5ED0-41AA-98C3-2CDCA84FC4C5}
	EndGlobalSection
EndGlobal
